
Microsoft Visual Studio Solution File, Format Version 12.00
# Visual Studio 14
VisualStudioVersion = 14.0.25123.0
MinimumVisualStudioVersion = 10.0.40219.1
Project("{FAE04EC0-301F-11D3-BF4B-00C04F79EFBC}") = "Cualesel Mayor", "Cualesel Mayor\Cualesel Mayor.csproj", "{8A0790FC-5D10-431D-8723-43EDEDB01CCC}"
EndProject
Global
	GlobalSection(SolutionConfigurationPlatforms) = preSolution
		Debug|Any CPU = Debug|Any CPU
		Release|Any CPU = Release|Any CPU
	EndGlobalSection
	GlobalSection(ProjectConfigurationPlatforms) = postSolution
		{8A0790FC-5D10-431D-8723-43EDEDB01CCC}.Debug|Any CPU.ActiveCfg = Debug|Any CPU
		{8A0790FC-5D10-431D-8723-43EDEDB01CCC}.Debug|Any CPU.Build.0 = Debug|Any CPU
		{8A0790FC-5D10-431D-8723-43EDEDB01CCC}.Release|Any CPU.ActiveCfg = Release|Any CPU
		{8A0790FC-5D10-431D-8723-43EDEDB01CCC}.Release|Any CPU.Build.0 = Release|Any CPU
	EndGlobalSection
	GlobalSection(SolutionProperties) = preSolution
		HideSolutionNode = FALSE
	EndGlobalSection
EndGlobal
